
Microsoft Visual Studio Solution File, Format Version 12.00
# Visual Studio Version 16
VisualStudioVersion = 16.0.30204.135
MinimumVisualStudioVersion = 10.0.40219.1
Project("{8BC9CEB8-8B4A-11D0-8D11-00A0C91BC942}") = "WS08_P1", "WS08_P1.vcxproj", "{6FFE9FC6-4B8E-4A9E-A429-51D7C6F7B404}"
EndProject
Global
	GlobalSection(SolutionConfigurationPlatforms) = preSolution
		Debug|x64 = Debug|x64
		Debug|x86 = Debug|x86
		Release|x64 = Release|x64
		Release|x86 = Release|x86
	EndGlobalSection
	GlobalSection(ProjectConfigurationPlatforms) = postSolution
		{6FFE9FC6-4B8E-4A9E-A429-51D7C6F7B404}.Debug|x64.ActiveCfg = Debug|x64
		{6FFE9FC6-4B8E-4A9E-A429-51D7C6F7B404}.Debug|x64.Build.0 = Debug|x64
		{6FFE9FC6-4B8E-4A9E-A429-51D7C6F7B404}.Debug|x86.ActiveCfg = Debug|Win32
		{6FFE9FC6-4B8E-4A9E-A429-51D7C6F7B404}.Debug|x86.Build.0 = Debug|Win32
		{6FFE9FC6-4B8E-4A9E-A429-51D7C6F7B404}.Release|x64.ActiveCfg = Release|x64
		{6FFE9FC6-4B8E-4A9E-A429-51D7C6F7B404}.Release|x64.Build.0 = Release|x64
		{6FFE9FC6-4B8E-4A9E-A429-51D7C6F7B404}.Release|x86.ActiveCfg = Release|Win32
		{6FFE9FC6-4B8E-4A9E-A429-51D7C6F7B404}.Release|x86.Build.0 = Release|Win32
	EndGlobalSection
	GlobalSection(SolutionProperties) = preSolution
		HideSolutionNode = FALSE
	EndGlobalSection
	GlobalSection(ExtensibilityGlobals) = postSolution
		SolutionGuid = {5C47D264-6A24-42A0-9C8C-8150E2F28EB3}
	EndGlobalSection
EndGlobal
